// !$*UTF8*$!
{
	archiveVersion = 1;
	classes = {
	};
	objectVersion = 46;
	objects = {

/* Begin PBXBuildFile section */
		AC150CAB1EF45C2F0022BDCD /* AppDelegate.swift in Sources */ = {isa = PBXBuildFile; fileRef = AC150CAA1EF45C2F0022BDCD /* AppDelegate.swift */; };
		AC150CAD1EF45C300022BDCD /* ViewController.swift in Sources */ = {isa = PBXBuildFile; fileRef = AC150CAC1EF45C300022BDCD /* ViewController.swift */; };
		AC150CB01EF45C300022BDCD /* Main.storyboard in Resources */ = {isa = PBXBuildFile; fileRef = AC150CAE1EF45C300022BDCD /* Main.storyboard */; };
		AC150CB21EF45C300022BDCD /* Assets.xcassets in Resources */ = {isa = PBXBuildFile; fileRef = AC150CB11EF45C300022BDCD /* Assets.xcassets */; };
		AC150CB51EF45C300022BDCD /* LaunchScreen.storyboard in Resources */ = {isa = PBXBuildFile; fileRef = AC150CB31EF45C300022BDCD /* LaunchScreen.storyboard */; };
		AC150CC01EF45C300022BDCD /* try2Tests.swift in Sources */ = {isa = PBXBuildFile; fileRef = AC150CBF1EF45C300022BDCD /* try2Tests.swift */; };
		ACDB24921F3795F10062494F /* bg1.jpg in Resources */ = {isa = PBXBuildFile; fileRef = ACDB24911F3795F10062494F /* bg1.jpg */; };
/* End PBXBuildFile section */

/* Begin PBXContainerItemProxy section */
		AC150CBC1EF45C300022BDCD /* PBXContainerItemProxy */ = {
			isa = PBXContainerItemProxy;
			containerPortal = AC150C9F1EF45C2F0022BDCD /* Project object */;
			proxyType = 1;
			remoteGlobalIDString = AC150CA61EF45C2F0022BDCD;
			remoteInfo = try2;
		};
/* End PBXContainerItemProxy section */

/* Begin PBXFileReference section */
		AC150CA71EF45C2F0022BDCD /* Ad Track.app */ = {isa = PBXFileReference; explicitFileType = wrapper.application; includeInIndex = 0; path = "Ad Track.app"; sourceTree = BUILT_PRODUCTS_DIR; };
		AC150CAA1EF45C2F0022BDCD /* AppDelegate.swift */ = {isa = PBXFileReference; lastKnownFileType = sourcecode.swift; path = AppDelegate.swift; sourceTree = "<group>"; };
		AC150CAC1EF45C300022BDCD /* ViewController.swift */ = {isa = PBXFileReference; lastKnownFileType = sourcecode.swift; path = ViewController.swift; sourceTree = "<group>"; };
		AC150CAF1EF45C300022BDCD /* Base */ = {isa = PBXFileReference; lastKnownFileType = file.storyboard; name = Base; path = Base.lproj/Main.storyboard; sourceTree = "<group>"; };
		AC150CB11EF45C300022BDCD /* Assets.xcassets */ = {isa = PBXFileReference; lastKnownFileType = folder.assetcatalog; path = Assets.xcassets; sourceTree = "<group>"; };
		AC150CB41EF45C300022BDCD /* Base */ = {isa = PBXFileReference; lastKnownFileType = file.storyboard; name = Base; path = Base.lproj/LaunchScreen.storyboard; sourceTree = "<group>"; };
		AC150CB61EF45C300022BDCD /* Info.plist */ = {isa = PBXFileReference; lastKnownFileType = text.plist.xml; path = Info.plist; sourceTree = "<group>"; };
		AC150CBB1EF45C300022BDCD /* Ad TrackTests.xctest */ = {isa = PBXFileReference; explicitFileType = wrapper.cfbundle; includeInIndex = 0; path = "Ad TrackTests.xctest"; sourceTree = BUILT_PRODUCTS_DIR; };
		AC150CBF1EF45C300022BDCD /* try2Tests.swift */ = {isa = PBXFileReference; lastKnownFileType = sourcecode.swift; path = try2Tests.swift; sourceTree = "<group>"; };
		AC150CC11EF45C300022BDCD /* Info.plist */ = {isa = PBXFileReference; lastKnownFileType = text.plist.xml; path = Info.plist; sourceTree = "<group>"; };
		ACDB24911F3795F10062494F /* bg1.jpg */ = {isa = PBXFileReference; lastKnownFileType = image.jpeg; path = bg1.jpg; sourceTree = "<group>"; };
/* End PBXFileReference section */

/* Begin PBXFrameworksBuildPhase section */
		AC150CA41EF45C2F0022BDCD /* Frameworks */ = {
			isa = PBXFrameworksBuildPhase;
			buildActionMask = 2147483647;
			files = (
			);
			runOnlyForDeploymentPostprocessing = 0;
		};
		AC150CB81EF45C300022BDCD /* Frameworks */ = {
			isa = PBXFrameworksBuildPhase;
			buildActionMask = 2147483647;
			files = (
			);
			runOnlyForDeploymentPostprocessing = 0;
		};
/* End PBXFrameworksBuildPhase section */

/* Begin PBXGroup section */
		AC150C9E1EF45C2F0022BDCD = {
			isa = PBXGroup;
			children = (
				AC150CA91EF45C2F0022BDCD /* try2 */,
				AC150CBE1EF45C300022BDCD /* try2Tests */,
				AC150CA81EF45C2F0022BDCD /* Products */,
			);
			sourceTree = "<group>";
		};
		AC150CA81EF45C2F0022BDCD /* Products */ = {
			isa = PBXGroup;
			children = (
				AC150CA71EF45C2F0022BDCD /* Ad Track.app */,
				AC150CBB1EF45C300022BDCD /* Ad TrackTests.xctest */,
			);
			name = Products;
			sourceTree = "<group>";
		};
		AC150CA91EF45C2F0022BDCD /* try2 */ = {
			isa = PBXGroup;
			children = (
				AC150CAA1EF45C2F0022BDCD /* AppDelegate.swift */,
				ACDB24911F3795F10062494F /* bg1.jpg */,
				AC150CAC1EF45C300022BDCD /* ViewController.swift */,
				AC150CAE1EF45C300022BDCD /* Main.storyboard */,
				AC150CB11EF45C300022BDCD /* Assets.xcassets */,
				AC150CB31EF45C300022BDCD /* LaunchScreen.storyboard */,
				AC150CB61EF45C300022BDCD /* Info.plist */,
			);
			path = try2;
			sourceTree = "<group>";
		};
		AC150CBE1EF45C300022BDCD /* try2Tests */ = {
			isa = PBXGroup;
			children = (
				AC150CBF1EF45C300022BDCD /* try2Tests.swift */,
				AC150CC11EF45C300022BDCD /* Info.plist */,
			);
			path = try2Tests;
			sourceTree = "<group>";
		};
/* End PBXGroup section */

/* Begin PBXNativeTarget section */
		AC150CA61EF45C2F0022BDCD /* Ad Track */ = {
			isa = PBXNativeTarget;
			buildConfigurationList = AC150CC41EF45C300022BDCD /* Build configuration list for PBXNativeTarget "Ad Track" */;
			buildPhases = (
				AC150CA31EF45C2F0022BDCD /* Sources */,
				AC150CA41EF45C2F0022BDCD /* Frameworks */,
				AC150CA51EF45C2F0022BDCD /* Resources */,
			);
			buildRules = (
			);
			dependencies = (
			);
			name = "Ad Track";
			productName = try2;
			productReference = AC150CA71EF45C2F0022BDCD /* Ad Track.app */;
			productType = "com.apple.product-type.application";
		};
		AC150CBA1EF45C300022BDCD /* Ad TrackTests */ = {
			isa = PBXNativeTarget;
			buildConfigurationList = AC150CC71EF45C300022BDCD /* Build configuration list for PBXNativeTarget "Ad TrackTests" */;
			buildPhases = (
				AC150CB71EF45C300022BDCD /* Sources */,
				AC150CB81EF45C300022BDCD /* Frameworks */,
				AC150CB91EF45C300022BDCD /* Resources */,
			);
			buildRules = (
			);
			dependencies = (
				AC150CBD1EF45C300022BDCD /* PBXTargetDependency */,
			);
			name = "Ad TrackTests";
			productName = try2Tests;
			productReference = AC150CBB1EF45C300022BDCD /* Ad TrackTests.xctest */;
			productType = "com.apple.product-type.bundle.unit-test";
		};
/* End PBXNativeTarget section */

/* Begin PBXProject section */
		AC150C9F1EF45C2F0022BDCD /* Project object */ = {
			isa = PBXProject;
			attributes = {
				LastSwiftUpdateCheck = 0830;
				LastUpgradeCheck = 0830;
				ORGANIZATIONNAME = Vtec;
				TargetAttributes = {
					AC150CA61EF45C2F0022BDCD = {
						CreatedOnToolsVersion = 8.3.2;
						DevelopmentTeam = HC54RDV7UN;
						ProvisioningStyle = Automatic;
						SystemCapabilities = {
							com.apple.BackgroundModes = {
								enabled = 1;
							};
						};
					};
					AC150CBA1EF45C300022BDCD = {
						CreatedOnToolsVersion = 8.3.2;
						DevelopmentTeam = HC54RDV7UN;
						ProvisioningStyle = Automatic;
						TestTargetID = AC150CA61EF45C2F0022BDCD;
					};
				};
			};
			buildConfigurationList = AC150CA21EF45C2F0022BDCD /* Build configuration list for PBXProject "Ad Track" */;
			compatibilityVersion = "Xcode 3.2";
			developmentRegion = English;
			hasScannedForEncodings = 0;
			knownRegions = (
				en,
				Base,
			);
			mainGroup = AC150C9E1EF45C2F0022BDCD;
			productRefGroup = AC150CA81EF45C2F0022BDCD /* Products */;
			projectDirPath = "";
			projectRoot = "";
			targets = (
				AC150CA61EF45C2F0022BDCD /* Ad Track */,
				AC150CBA1EF45C300022BDCD /* Ad TrackTests */,
			);
		};
/* End PBXProject section */

/* Begin PBXResourcesBuildPhase section */
		AC150CA51EF45C2F0022BDCD /* Resources */ = {
			isa = PBXResourcesBuildPhase;
			buildActionMask = 2147483647;
			files = (
				ACDB24921F3795F10062494F /* bg1.jpg in Resources */,
				AC150CB51EF45C300022BDCD /* LaunchScreen.storyboard in Resources */,
				AC150CB21EF45C300022BDCD /* Assets.xcassets in Resources */,
				AC150CB01EF45C300022BDCD /* Main.storyboard in Resources */,
			);
			runOnlyForDeploymentPostprocessing = 0;
		};
		AC150CB91EF45C300022BDCD /* Resources */ = {
			isa = PBXResourcesBuildPhase;
			buildActionMask = 2147483647;
			files = (
			);
			runOnlyForDeploymentPostprocessing = 0;
		};
/* End PBXResourcesBuildPhase section */

/* Begin PBXSourcesBuildPhase section */
		AC150CA31EF45C2F0022BDCD /* Sources */ = {
			isa = PBXSourcesBuildPhase;
			buildActionMask = 2147483647;
			files = (
				AC150CAD1EF45C300022BDCD /* ViewController.swift in Sources */,
				AC150CAB1EF45C2F0022BDCD /* AppDelegate.swift in Sources */,
			);
			runOnlyForDeploymentPostprocessing = 0;
		};
		AC150CB71EF45C300022BDCD /* Sources */ = {
			isa = PBXSourcesBuildPhase;
			buildActionMask = 2147483647;
			files = (
				AC150CC01EF45C300022BDCD /* try2Tests.swift in Sources */,
			);
			runOnlyForDeploymentPostprocessing = 0;
		};
/* End PBXSourcesBuildPhase section */

/* Begin PBXTargetDependency section */
		AC150CBD1EF45C300022BDCD /* PBXTargetDependency */ = {
			isa = PBXTargetDependency;
			target = AC150CA61EF45C2F0022BDCD /* Ad Track */;
			targetProxy = AC150CBC1EF45C300022BDCD /* PBXContainerItemProxy */;
		};
/* End PBXTargetDependency section */

/* Begin PBXVariantGroup section */
		AC150CAE1EF45C300022BDCD /* Main.storyboard */ = {
			isa = PBXVariantGroup;
			children = (
				AC150CAF1EF45C300022BDCD /* Base */,
			);
			name = Main.storyboard;
			sourceTree = "<group>";
		};
		AC150CB31EF45C300022BDCD /* LaunchScreen.storyboard */ = {
			isa = PBXVariantGroup;
			children = (
				AC150CB41EF45C300022BDCD /* Base */,
			);
			name = LaunchScreen.storyboard;
			sourceTree = "<group>";
		};
/* End PBXVariantGroup section */

/* Begin XCBuildConfiguration section */
		AC150CC21EF45C300022BDCD /* Debug */ = {
			isa = XCBuildConfiguration;
			buildSettings = {
				ALWAYS_SEARCH_USER_PATHS = NO;
				CLANG_ANALYZER_NONNULL = YES;
				CLANG_ANALYZER_NUMBER_OBJECT_CONVERSION = YES_AGGRESSIVE;
				CLANG_CXX_LANGUAGE_STANDARD = "gnu++0x";
				CLANG_CXX_LIBRARY = "libc++";
				CLANG_ENABLE_MODULES = YES;
				CLANG_ENABLE_OBJC_ARC = YES;
				CLANG_WARN_BOOL_CONVERSION = YES;
				CLANG_WARN_CONSTANT_CONVERSION = YES;
				CLANG_WARN_DIRECT_OBJC_ISA_USAGE = YES_ERROR;
				CLANG_WARN_DOCUMENTATION_COMMENTS = YES;
				CLANG_WARN_EMPTY_BODY = YES;
				CLANG_WARN_ENUM_CONVERSION = YES;
				CLANG_WARN_INFINITE_RECURSION = YES;
				CLANG_WARN_INT_CONVERSION = YES;
				CLANG_WARN_OBJC_ROOT_CLASS = YES_ERROR;
				CLANG_WARN_SUSPICIOUS_MOVE = YES;
				CLANG_WARN_UNREACHABLE_CODE = YES;
				CLANG_WARN__DUPLICATE_METHOD_MATCH = YES;
				"CODE_SIGN_IDENTITY[sdk=iphoneos*]" = "iPhone Developer";
				COPY_PHASE_STRIP = NO;
				DEBUG_INFORMATION_FORMAT = dwarf;
				ENABLE_STRICT_OBJC_MSGSEND = YES;
				ENABLE_TESTABILITY = YES;
				GCC_C_LANGUAGE_STANDARD = gnu99;
				GCC_DYNAMIC_NO_PIC = NO;
				GCC_NO_COMMON_BLOCKS = YES;
				GCC_OPTIMIZATION_LEVEL = 0;
				GCC_PREPROCESSOR_DEFINITIONS = (
					"DEBUG=1",
					"$(inherited)",
				);
				GCC_WARN_64_TO_32_BIT_CONVERSION = YES;
				GCC_WARN_ABOUT_RETURN_TYPE = YES_ERROR;
				GCC_WARN_UNDECLARED_SELECTOR = YES;
				GCC_WARN_UNINITIALIZED_AUTOS = YES_AGGRESSIVE;
				GCC_WARN_UNUSED_FUNCTION = YES;
				GCC_WARN_UNUSED_VARIABLE = YES;
				IPHONEOS_DEPLOYMENT_TARGET = 10.3;
				MTL_ENABLE_DEBUG_INFO = YES;
				ONLY_ACTIVE_ARCH = YES;
				SDKROOT = iphoneos;
				SWIFT_ACTIVE_COMPILATION_CONDITIONS = DEBUG;
				SWIFT_OPTIMIZATION_LEVEL = "-Onone";
				TARGETED_DEVICE_FAMILY = "1,2";
			};
			name = Debug;
		};
		AC150CC31EF45C300022BDCD /* Release */ = {
			isa = XCBuildConfiguration;
			buildSettings = {
				ALWAYS_SEARCH_USER_PATHS = NO;
				CLANG_ANALYZER_NONNULL = YES;
				CLANG_ANALYZER_NUMBER_OBJECT_CONVERSION = YES_AGGRESSIVE;
				CLANG_CXX_LANGUAGE_STANDARD = "gnu++0x";
				CLANG_CXX_LIBRARY = "libc++";
				CLANG_ENABLE_MODULES = YES;
				CLANG_ENABLE_OBJC_ARC = YES;
				CLANG_WARN_BOOL_CONVERSION = YES;
				CLANG_WARN_CONSTANT_CONVERSION = YES;
				CLANG_WARN_DIRECT_OBJC_ISA_USAGE = YES_ERROR;
				CLANG_WARN_DOCUMENTATION_COMMENTS = YES;
				CLANG_WARN_EMPTY_BODY = YES;
				CLANG_WARN_ENUM_CONVERSION = YES;
				CLANG_WARN_INFINITE_RECURSION = YES;
				CLANG_WARN_INT_CONVERSION = YES;
				CLANG_WARN_OBJC_ROOT_CLASS = YES_ERROR;
				CLANG_WARN_SUSPICIOUS_MOVE = YES;
				CLANG_WARN_UNREACHABLE_CODE = YES;
				CLANG_WARN__DUPLICATE_METHOD_MATCH = YES;
				"CODE_SIGN_IDENTITY[sdk=iphoneos*]" = "iPhone Developer";
				COPY_PHASE_STRIP = NO;
				DEBUG_INFORMATION_FORMAT = "dwarf-with-dsym";
				ENABLE_NS_ASSERTIONS = NO;
				ENABLE_STRICT_OBJC_MSGSEND = YES;
				GCC_C_LANGUAGE_STANDARD = gnu99;
				GCC_NO_COMMON_BLOCKS = YES;
				GCC_WARN_64_TO_32_BIT_CONVERSION = YES;
				GCC_WARN_ABOUT_RETURN_TYPE = YES_ERROR;
				GCC_WARN_UNDECLARED_SELECTOR = YES;
				GCC_WARN_UNINITIALIZED_AUTOS = YES_AGGRESSIVE;
				GCC_WARN_UNUSED_FUNCTION = YES;
				GCC_WARN_UNUSED_VARIABLE = YES;
				IPHONEOS_DEPLOYMENT_TARGET = 10.3;
				MTL_ENABLE_DEBUG_INFO = NO;
				SDKROOT = iphoneos;
				SWIFT_OPTIMIZATION_LEVEL = "-Owholemodule";
				TARGETED_DEVICE_FAMILY = "1,2";
				VALIDATE_PRODUCT = YES;
			};
			name = Release;
		};
		AC150CC51EF45C300022BDCD /* Debug */ = {
			isa = XCBuildConfiguration;
			buildSettings = {
				ASSETCATALOG_COMPILER_APPICON_NAME = AppIcon;
				DEVELOPMENT_TEAM = HC54RDV7UN;
				INFOPLIST_FILE = try2/Info.plist;
				LD_RUNPATH_SEARCH_PATHS = "$(inherited) @executable_path/Frameworks";
				PRODUCT_BUNDLE_IDENTIFIER = com.example.vtec.try2;
				PRODUCT_NAME = "$(TARGET_NAME)";
				SWIFT_VERSION = 3.0;
			};
			name = Debug;
		};
		AC150CC61EF45C300022BDCD /* Release */ = {
			isa = XCBuildConfiguration;
			buildSettings = {
				ASSETCATALOG_COMPILER_APPICON_NAME = AppIcon;
				DEVELOPMENT_TEAM = HC54RDV7UN;
				INFOPLIST_FILE = try2/Info.plist;
				LD_RUNPATH_SEARCH_PATHS = "$(inherited) @executable_path/Frameworks";
				PRODUCT_BUNDLE_IDENTIFIER = com.example.vtec.try2;
				PRODUCT_NAME = "$(TARGET_NAME)";
				SWIFT_VERSION = 3.0;
			};
			name = Release;
		};
		AC150CC81EF45C300022BDCD /* Debug */ = {
			isa = XCBuildConfiguration;
			buildSettings = {
				ALWAYS_EMBED_SWIFT_STANDARD_LIBRARIES = YES;
				BUNDLE_LOADER = "$(TEST_HOST)";
				DEVELOPMENT_TEAM = HC54RDV7UN;
				INFOPLIST_FILE = try2Tests/Info.plist;
				LD_RUNPATH_SEARCH_PATHS = "$(inherited) @executable_path/Frameworks @loader_path/Frameworks";
				PRODUCT_BUNDLE_IDENTIFIER = com.example.vtec.try2Tests;
				PRODUCT_NAME = "$(TARGET_NAME)";
				SWIFT_VERSION = 3.0;
				TEST_HOST = "$(BUILT_PRODUCTS_DIR)/Ad Track.app/Ad Track";
			};
			name = Debug;
		};
		AC150CC91EF45C300022BDCD /* Release */ = {
			isa = XCBuildConfiguration;
			buildSettings = {
				ALWAYS_EMBED_SWIFT_STANDARD_LIBRARIES = YES;
				BUNDLE_LOADER = "$(TEST_HOST)";
				DEVELOPMENT_TEAM = HC54RDV7UN;
				INFOPLIST_FILE = try2Tests/Info.plist;
				LD_RUNPATH_SEARCH_PATHS = "$(inherited) @executable_path/Frameworks @loader_path/Frameworks";
				PRODUCT_BUNDLE_IDENTIFIER = com.example.vtec.try2Tests;
				PRODUCT_NAME = "$(TARGET_NAME)";
				SWIFT_VERSION = 3.0;
				TEST_HOST = "$(BUILT_PRODUCTS_DIR)/Ad Track.app/Ad Track";
			};
			name = Release;
		};
/* End XCBuildConfiguration section */

/* Begin XCConfigurationList section */
		AC150CA21EF45C2F0022BDCD /* Build configuration list for PBXProject "Ad Track" */ = {
			isa = XCConfigurationList;
			buildConfigurations = (
				AC150CC21EF45C300022BDCD /* Debug */,
				AC150CC31EF45C300022BDCD /* Release */,
			);
			defaultConfigurationIsVisible = 0;
			defaultConfigurationName = Release;
		};
		AC150CC41EF45C300022BDCD /* Build configuration list for PBXNativeTarget "Ad Track" */ = {
			isa = XCConfigurationList;
			buildConfigurations = (
				AC150CC51EF45C300022BDCD /* Debug */,
				AC150CC61EF45C300022BDCD /* Release */,
			);
			defaultConfigurationIsVisible = 0;
			defaultConfigurationName = Release;
		};
		AC150CC71EF45C300022BDCD /* Build configuration list for PBXNativeTarget "Ad TrackTests" */ = {
			isa = XCConfigurationList;
			buildConfigurations = (
				AC150CC81EF45C300022BDCD /* Debug */,
				AC150CC91EF45C300022BDCD /* Release */,
			);
			defaultConfigurationIsVisible = 0;
			defaultConfigurationName = Release;
		};
/* End XCConfigurationList section */
	};
	rootObject = AC150C9F1EF45C2F0022BDCD /* Project object */;
}
