// !$*UTF8*$!
{
	archiveVersion = 1;
	classes = {
	};
	objectVersion = 46;
	objects = {

/* Begin PBXBuildFile section */
		AC150C9D1EF44D850022BDCD /* iBeacon.swift in Sources */ = {isa = PBXBuildFile; fileRef = AC150C9C1EF44D840022BDCD /* iBeacon.swift */; };
		AC5E771E1EF01BF70095C473 /* AppDelegate.swift in Sources */ = {isa = PBXBuildFile; fileRef = AC5E771D1EF01BF70095C473 /* AppDelegate.swift */; };
		AC5E77201EF01BF80095C473 /* ViewController.swift in Sources */ = {isa = PBXBuildFile; fileRef = AC5E771F1EF01BF80095C473 /* ViewController.swift */; };
		AC5E77231EF01BF80095C473 /* Main.storyboard in Resources */ = {isa = PBXBuildFile; fileRef = AC5E77211EF01BF80095C473 /* Main.storyboard */; };
		AC5E77251EF01BF80095C473 /* Assets.xcassets in Resources */ = {isa = PBXBuildFile; fileRef = AC5E77241EF01BF80095C473 /* Assets.xcassets */; };
		AC5E77281EF01BF80095C473 /* LaunchScreen.storyboard in Resources */ = {isa = PBXBuildFile; fileRef = AC5E77261EF01BF80095C473 /* LaunchScreen.storyboard */; };
		AC5E77331EF01BF90095C473 /* TakeandSaveUserDefaultsTests.swift in Sources */ = {isa = PBXBuildFile; fileRef = AC5E77321EF01BF90095C473 /* TakeandSaveUserDefaultsTests.swift */; };
/* End PBXBuildFile section */

/* Begin PBXContainerItemProxy section */
		AC5E772F1EF01BF90095C473 /* PBXContainerItemProxy */ = {
			isa = PBXContainerItemProxy;
			containerPortal = AC5E77121EF01BF60095C473 /* Project object */;
			proxyType = 1;
			remoteGlobalIDString = AC5E77191EF01BF70095C473;
			remoteInfo = TakeandSaveUserDefaults;
		};
/* End PBXContainerItemProxy section */

/* Begin PBXFileReference section */
		AC150C9C1EF44D840022BDCD /* iBeacon.swift */ = {isa = PBXFileReference; fileEncoding = 4; lastKnownFileType = sourcecode.swift; name = iBeacon.swift; path = ../iBeacon.swift; sourceTree = "<group>"; };
		AC5E771A1EF01BF70095C473 /* TakeandSaveUserDefaults.app */ = {isa = PBXFileReference; explicitFileType = wrapper.application; includeInIndex = 0; path = TakeandSaveUserDefaults.app; sourceTree = BUILT_PRODUCTS_DIR; };
		AC5E771D1EF01BF70095C473 /* AppDelegate.swift */ = {isa = PBXFileReference; lastKnownFileType = sourcecode.swift; path = AppDelegate.swift; sourceTree = "<group>"; };
		AC5E771F1EF01BF80095C473 /* ViewController.swift */ = {isa = PBXFileReference; lastKnownFileType = sourcecode.swift; path = ViewController.swift; sourceTree = "<group>"; };
		AC5E77221EF01BF80095C473 /* Base */ = {isa = PBXFileReference; lastKnownFileType = file.storyboard; name = Base; path = Base.lproj/Main.storyboard; sourceTree = "<group>"; };
		AC5E77241EF01BF80095C473 /* Assets.xcassets */ = {isa = PBXFileReference; lastKnownFileType = folder.assetcatalog; path = Assets.xcassets; sourceTree = "<group>"; };
		AC5E77271EF01BF80095C473 /* Base */ = {isa = PBXFileReference; lastKnownFileType = file.storyboard; name = Base; path = Base.lproj/LaunchScreen.storyboard; sourceTree = "<group>"; };
		AC5E77291EF01BF80095C473 /* Info.plist */ = {isa = PBXFileReference; lastKnownFileType = text.plist.xml; path = Info.plist; sourceTree = "<group>"; };
		AC5E772E1EF01BF90095C473 /* TakeandSaveUserDefaultsTests.xctest */ = {isa = PBXFileReference; explicitFileType = wrapper.cfbundle; includeInIndex = 0; path = TakeandSaveUserDefaultsTests.xctest; sourceTree = BUILT_PRODUCTS_DIR; };
		AC5E77321EF01BF90095C473 /* TakeandSaveUserDefaultsTests.swift */ = {isa = PBXFileReference; lastKnownFileType = sourcecode.swift; path = TakeandSaveUserDefaultsTests.swift; sourceTree = "<group>"; };
		AC5E77341EF01BF90095C473 /* Info.plist */ = {isa = PBXFileReference; lastKnownFileType = text.plist.xml; path = Info.plist; sourceTree = "<group>"; };
/* End PBXFileReference section */

/* Begin PBXFrameworksBuildPhase section */
		AC5E77171EF01BF70095C473 /* Frameworks */ = {
			isa = PBXFrameworksBuildPhase;
			buildActionMask = 2147483647;
			files = (
			);
			runOnlyForDeploymentPostprocessing = 0;
		};
		AC5E772B1EF01BF90095C473 /* Frameworks */ = {
			isa = PBXFrameworksBuildPhase;
			buildActionMask = 2147483647;
			files = (
			);
			runOnlyForDeploymentPostprocessing = 0;
		};
/* End PBXFrameworksBuildPhase section */

/* Begin PBXGroup section */
		AC5E77111EF01BF60095C473 = {
			isa = PBXGroup;
			children = (
				AC5E771C1EF01BF70095C473 /* TakeandSaveUserDefaults */,
				AC5E77311EF01BF90095C473 /* TakeandSaveUserDefaultsTests */,
				AC5E771B1EF01BF70095C473 /* Products */,
			);
			sourceTree = "<group>";
		};
		AC5E771B1EF01BF70095C473 /* Products */ = {
			isa = PBXGroup;
			children = (
				AC5E771A1EF01BF70095C473 /* TakeandSaveUserDefaults.app */,
				AC5E772E1EF01BF90095C473 /* TakeandSaveUserDefaultsTests.xctest */,
			);
			name = Products;
			sourceTree = "<group>";
		};
		AC5E771C1EF01BF70095C473 /* TakeandSaveUserDefaults */ = {
			isa = PBXGroup;
			children = (
				AC5E771D1EF01BF70095C473 /* AppDelegate.swift */,
				AC5E771F1EF01BF80095C473 /* ViewController.swift */,
				AC150C9C1EF44D840022BDCD /* iBeacon.swift */,
				AC5E77211EF01BF80095C473 /* Main.storyboard */,
				AC5E77241EF01BF80095C473 /* Assets.xcassets */,
				AC5E77261EF01BF80095C473 /* LaunchScreen.storyboard */,
				AC5E77291EF01BF80095C473 /* Info.plist */,
			);
			path = TakeandSaveUserDefaults;
			sourceTree = "<group>";
		};
		AC5E77311EF01BF90095C473 /* TakeandSaveUserDefaultsTests */ = {
			isa = PBXGroup;
			children = (
				AC5E77321EF01BF90095C473 /* TakeandSaveUserDefaultsTests.swift */,
				AC5E77341EF01BF90095C473 /* Info.plist */,
			);
			path = TakeandSaveUserDefaultsTests;
			sourceTree = "<group>";
		};
/* End PBXGroup section */

/* Begin PBXNativeTarget section */
		AC5E77191EF01BF70095C473 /* TakeandSaveUserDefaults */ = {
			isa = PBXNativeTarget;
			buildConfigurationList = AC5E77371EF01BF90095C473 /* Build configuration list for PBXNativeTarget "TakeandSaveUserDefaults" */;
			buildPhases = (
				AC5E77161EF01BF70095C473 /* Sources */,
				AC5E77171EF01BF70095C473 /* Frameworks */,
				AC5E77181EF01BF70095C473 /* Resources */,
			);
			buildRules = (
			);
			dependencies = (
			);
			name = TakeandSaveUserDefaults;
			productName = TakeandSaveUserDefaults;
			productReference = AC5E771A1EF01BF70095C473 /* TakeandSaveUserDefaults.app */;
			productType = "com.apple.product-type.application";
		};
		AC5E772D1EF01BF90095C473 /* TakeandSaveUserDefaultsTests */ = {
			isa = PBXNativeTarget;
			buildConfigurationList = AC5E773A1EF01BF90095C473 /* Build configuration list for PBXNativeTarget "TakeandSaveUserDefaultsTests" */;
			buildPhases = (
				AC5E772A1EF01BF90095C473 /* Sources */,
				AC5E772B1EF01BF90095C473 /* Frameworks */,
				AC5E772C1EF01BF90095C473 /* Resources */,
			);
			buildRules = (
			);
			dependencies = (
				AC5E77301EF01BF90095C473 /* PBXTargetDependency */,
			);
			name = TakeandSaveUserDefaultsTests;
			productName = TakeandSaveUserDefaultsTests;
			productReference = AC5E772E1EF01BF90095C473 /* TakeandSaveUserDefaultsTests.xctest */;
			productType = "com.apple.product-type.bundle.unit-test";
		};
/* End PBXNativeTarget section */

/* Begin PBXProject section */
		AC5E77121EF01BF60095C473 /* Project object */ = {
			isa = PBXProject;
			attributes = {
				LastSwiftUpdateCheck = 0830;
				LastUpgradeCheck = 0830;
				ORGANIZATIONNAME = Vtec;
				TargetAttributes = {
					AC5E77191EF01BF70095C473 = {
						CreatedOnToolsVersion = 8.3.2;
						DevelopmentTeam = HC54RDV7UN;
						ProvisioningStyle = Automatic;
					};
					AC5E772D1EF01BF90095C473 = {
						CreatedOnToolsVersion = 8.3.2;
						DevelopmentTeam = HC54RDV7UN;
						ProvisioningStyle = Automatic;
						TestTargetID = AC5E77191EF01BF70095C473;
					};
				};
			};
			buildConfigurationList = AC5E77151EF01BF60095C473 /* Build configuration list for PBXProject "TakeandSaveUserDefaults" */;
			compatibilityVersion = "Xcode 3.2";
			developmentRegion = English;
			hasScannedForEncodings = 0;
			knownRegions = (
				en,
				Base,
			);
			mainGroup = AC5E77111EF01BF60095C473;
			productRefGroup = AC5E771B1EF01BF70095C473 /* Products */;
			projectDirPath = "";
			projectRoot = "";
			targets = (
				AC5E77191EF01BF70095C473 /* TakeandSaveUserDefaults */,
				AC5E772D1EF01BF90095C473 /* TakeandSaveUserDefaultsTests */,
			);
		};
/* End PBXProject section */

/* Begin PBXResourcesBuildPhase section */
		AC5E77181EF01BF70095C473 /* Resources */ = {
			isa = PBXResourcesBuildPhase;
			buildActionMask = 2147483647;
			files = (
				AC5E77281EF01BF80095C473 /* LaunchScreen.storyboard in Resources */,
				AC5E77251EF01BF80095C473 /* Assets.xcassets in Resources */,
				AC5E77231EF01BF80095C473 /* Main.storyboard in Resources */,
			);
			runOnlyForDeploymentPostprocessing = 0;
		};
		AC5E772C1EF01BF90095C473 /* Resources */ = {
			isa = PBXResourcesBuildPhase;
			buildActionMask = 2147483647;
			files = (
			);
			runOnlyForDeploymentPostprocessing = 0;
		};
/* End PBXResourcesBuildPhase section */

/* Begin PBXSourcesBuildPhase section */
		AC5E77161EF01BF70095C473 /* Sources */ = {
			isa = PBXSourcesBuildPhase;
			buildActionMask = 2147483647;
			files = (
				AC150C9D1EF44D850022BDCD /* iBeacon.swift in Sources */,
				AC5E77201EF01BF80095C473 /* ViewController.swift in Sources */,
				AC5E771E1EF01BF70095C473 /* AppDelegate.swift in Sources */,
			);
			runOnlyForDeploymentPostprocessing = 0;
		};
		AC5E772A1EF01BF90095C473 /* Sources */ = {
			isa = PBXSourcesBuildPhase;
			buildActionMask = 2147483647;
			files = (
				AC5E77331EF01BF90095C473 /* TakeandSaveUserDefaultsTests.swift in Sources */,
			);
			runOnlyForDeploymentPostprocessing = 0;
		};
/* End PBXSourcesBuildPhase section */

/* Begin PBXTargetDependency section */
		AC5E77301EF01BF90095C473 /* PBXTargetDependency */ = {
			isa = PBXTargetDependency;
			target = AC5E77191EF01BF70095C473 /* TakeandSaveUserDefaults */;
			targetProxy = AC5E772F1EF01BF90095C473 /* PBXContainerItemProxy */;
		};
/* End PBXTargetDependency section */

/* Begin PBXVariantGroup section */
		AC5E77211EF01BF80095C473 /* Main.storyboard */ = {
			isa = PBXVariantGroup;
			children = (
				AC5E77221EF01BF80095C473 /* Base */,
			);
			name = Main.storyboard;
			sourceTree = "<group>";
		};
		AC5E77261EF01BF80095C473 /* LaunchScreen.storyboard */ = {
			isa = PBXVariantGroup;
			children = (
				AC5E77271EF01BF80095C473 /* Base */,
			);
			name = LaunchScreen.storyboard;
			sourceTree = "<group>";
		};
/* End PBXVariantGroup section */

/* Begin XCBuildConfiguration section */
		AC5E77351EF01BF90095C473 /* Debug */ = {
			isa = XCBuildConfiguration;
			buildSettings = {
				ALWAYS_SEARCH_USER_PATHS = NO;
				CLANG_ANALYZER_NONNULL = YES;
				CLANG_ANALYZER_NUMBER_OBJECT_CONVERSION = YES_AGGRESSIVE;
				CLANG_CXX_LANGUAGE_STANDARD = "gnu++0x";
				CLANG_CXX_LIBRARY = "libc++";
				CLANG_ENABLE_MODULES = YES;
				CLANG_ENABLE_OBJC_ARC = YES;
				CLANG_WARN_BOOL_CONVERSION = YES;
				CLANG_WARN_CONSTANT_CONVERSION = YES;
				CLANG_WARN_DIRECT_OBJC_ISA_USAGE = YES_ERROR;
				CLANG_WARN_DOCUMENTATION_COMMENTS = YES;
				CLANG_WARN_EMPTY_BODY = YES;
				CLANG_WARN_ENUM_CONVERSION = YES;
				CLANG_WARN_INFINITE_RECURSION = YES;
				CLANG_WARN_INT_CONVERSION = YES;
				CLANG_WARN_OBJC_ROOT_CLASS = YES_ERROR;
				CLANG_WARN_SUSPICIOUS_MOVE = YES;
				CLANG_WARN_UNREACHABLE_CODE = YES;
				CLANG_WARN__DUPLICATE_METHOD_MATCH = YES;
				"CODE_SIGN_IDENTITY[sdk=iphoneos*]" = "iPhone Developer";
				COPY_PHASE_STRIP = NO;
				DEBUG_INFORMATION_FORMAT = dwarf;
				ENABLE_STRICT_OBJC_MSGSEND = YES;
				ENABLE_TESTABILITY = YES;
				GCC_C_LANGUAGE_STANDARD = gnu99;
				GCC_DYNAMIC_NO_PIC = NO;
				GCC_NO_COMMON_BLOCKS = YES;
				GCC_OPTIMIZATION_LEVEL = 0;
				GCC_PREPROCESSOR_DEFINITIONS = (
					"DEBUG=1",
					"$(inherited)",
				);
				GCC_WARN_64_TO_32_BIT_CONVERSION = YES;
				GCC_WARN_ABOUT_RETURN_TYPE = YES_ERROR;
				GCC_WARN_UNDECLARED_SELECTOR = YES;
				GCC_WARN_UNINITIALIZED_AUTOS = YES_AGGRESSIVE;
				GCC_WARN_UNUSED_FUNCTION = YES;
				GCC_WARN_UNUSED_VARIABLE = YES;
				IPHONEOS_DEPLOYMENT_TARGET = 10.3;
				MTL_ENABLE_DEBUG_INFO = YES;
				ONLY_ACTIVE_ARCH = YES;
				SDKROOT = iphoneos;
				SWIFT_ACTIVE_COMPILATION_CONDITIONS = DEBUG;
				SWIFT_OPTIMIZATION_LEVEL = "-Onone";
				TARGETED_DEVICE_FAMILY = "1,2";
			};
			name = Debug;
		};
		AC5E77361EF01BF90095C473 /* Release */ = {
			isa = XCBuildConfiguration;
			buildSettings = {
				ALWAYS_SEARCH_USER_PATHS = NO;
				CLANG_ANALYZER_NONNULL = YES;
				CLANG_ANALYZER_NUMBER_OBJECT_CONVERSION = YES_AGGRESSIVE;
				CLANG_CXX_LANGUAGE_STANDARD = "gnu++0x";
				CLANG_CXX_LIBRARY = "libc++";
				CLANG_ENABLE_MODULES = YES;
				CLANG_ENABLE_OBJC_ARC = YES;
				CLANG_WARN_BOOL_CONVERSION = YES;
				CLANG_WARN_CONSTANT_CONVERSION = YES;
				CLANG_WARN_DIRECT_OBJC_ISA_USAGE = YES_ERROR;
				CLANG_WARN_DOCUMENTATION_COMMENTS = YES;
				CLANG_WARN_EMPTY_BODY = YES;
				CLANG_WARN_ENUM_CONVERSION = YES;
				CLANG_WARN_INFINITE_RECURSION = YES;
				CLANG_WARN_INT_CONVERSION = YES;
				CLANG_WARN_OBJC_ROOT_CLASS = YES_ERROR;
				CLANG_WARN_SUSPICIOUS_MOVE = YES;
				CLANG_WARN_UNREACHABLE_CODE = YES;
				CLANG_WARN__DUPLICATE_METHOD_MATCH = YES;
				"CODE_SIGN_IDENTITY[sdk=iphoneos*]" = "iPhone Developer";
				COPY_PHASE_STRIP = NO;
				DEBUG_INFORMATION_FORMAT = "dwarf-with-dsym";
				ENABLE_NS_ASSERTIONS = NO;
				ENABLE_STRICT_OBJC_MSGSEND = YES;
				GCC_C_LANGUAGE_STANDARD = gnu99;
				GCC_NO_COMMON_BLOCKS = YES;
				GCC_WARN_64_TO_32_BIT_CONVERSION = YES;
				GCC_WARN_ABOUT_RETURN_TYPE = YES_ERROR;
				GCC_WARN_UNDECLARED_SELECTOR = YES;
				GCC_WARN_UNINITIALIZED_AUTOS = YES_AGGRESSIVE;
				GCC_WARN_UNUSED_FUNCTION = YES;
				GCC_WARN_UNUSED_VARIABLE = YES;
				IPHONEOS_DEPLOYMENT_TARGET = 10.3;
				MTL_ENABLE_DEBUG_INFO = NO;
				SDKROOT = iphoneos;
				SWIFT_OPTIMIZATION_LEVEL = "-Owholemodule";
				TARGETED_DEVICE_FAMILY = "1,2";
				VALIDATE_PRODUCT = YES;
			};
			name = Release;
		};
		AC5E77381EF01BF90095C473 /* Debug */ = {
			isa = XCBuildConfiguration;
			buildSettings = {
				ASSETCATALOG_COMPILER_APPICON_NAME = AppIcon;
				DEVELOPMENT_TEAM = HC54RDV7UN;
				INFOPLIST_FILE = TakeandSaveUserDefaults/Info.plist;
				LD_RUNPATH_SEARCH_PATHS = "$(inherited) @executable_path/Frameworks";
				PRODUCT_BUNDLE_IDENTIFIER = com.example.vtec.TakeandSaveUserDefaults;
				PRODUCT_NAME = "$(TARGET_NAME)";
				SWIFT_VERSION = 3.0;
			};
			name = Debug;
		};
		AC5E77391EF01BF90095C473 /* Release */ = {
			isa = XCBuildConfiguration;
			buildSettings = {
				ASSETCATALOG_COMPILER_APPICON_NAME = AppIcon;
				DEVELOPMENT_TEAM = HC54RDV7UN;
				INFOPLIST_FILE = TakeandSaveUserDefaults/Info.plist;
				LD_RUNPATH_SEARCH_PATHS = "$(inherited) @executable_path/Frameworks";
				PRODUCT_BUNDLE_IDENTIFIER = com.example.vtec.TakeandSaveUserDefaults;
				PRODUCT_NAME = "$(TARGET_NAME)";
				SWIFT_VERSION = 3.0;
			};
			name = Release;
		};
		AC5E773B1EF01BF90095C473 /* Debug */ = {
			isa = XCBuildConfiguration;
			buildSettings = {
				ALWAYS_EMBED_SWIFT_STANDARD_LIBRARIES = YES;
				BUNDLE_LOADER = "$(TEST_HOST)";
				DEVELOPMENT_TEAM = HC54RDV7UN;
				INFOPLIST_FILE = TakeandSaveUserDefaultsTests/Info.plist;
				LD_RUNPATH_SEARCH_PATHS = "$(inherited) @executable_path/Frameworks @loader_path/Frameworks";
				PRODUCT_BUNDLE_IDENTIFIER = com.example.vtec.TakeandSaveUserDefaultsTests;
				PRODUCT_NAME = "$(TARGET_NAME)";
				SWIFT_VERSION = 3.0;
				TEST_HOST = "$(BUILT_PRODUCTS_DIR)/TakeandSaveUserDefaults.app/TakeandSaveUserDefaults";
			};
			name = Debug;
		};
		AC5E773C1EF01BF90095C473 /* Release */ = {
			isa = XCBuildConfiguration;
			buildSettings = {
				ALWAYS_EMBED_SWIFT_STANDARD_LIBRARIES = YES;
				BUNDLE_LOADER = "$(TEST_HOST)";
				DEVELOPMENT_TEAM = HC54RDV7UN;
				INFOPLIST_FILE = TakeandSaveUserDefaultsTests/Info.plist;
				LD_RUNPATH_SEARCH_PATHS = "$(inherited) @executable_path/Frameworks @loader_path/Frameworks";
				PRODUCT_BUNDLE_IDENTIFIER = com.example.vtec.TakeandSaveUserDefaultsTests;
				PRODUCT_NAME = "$(TARGET_NAME)";
				SWIFT_VERSION = 3.0;
				TEST_HOST = "$(BUILT_PRODUCTS_DIR)/TakeandSaveUserDefaults.app/TakeandSaveUserDefaults";
			};
			name = Release;
		};
/* End XCBuildConfiguration section */

/* Begin XCConfigurationList section */
		AC5E77151EF01BF60095C473 /* Build configuration list for PBXProject "TakeandSaveUserDefaults" */ = {
			isa = XCConfigurationList;
			buildConfigurations = (
				AC5E77351EF01BF90095C473 /* Debug */,
				AC5E77361EF01BF90095C473 /* Release */,
			);
			defaultConfigurationIsVisible = 0;
			defaultConfigurationName = Release;
		};
		AC5E77371EF01BF90095C473 /* Build configuration list for PBXNativeTarget "TakeandSaveUserDefaults" */ = {
			isa = XCConfigurationList;
			buildConfigurations = (
				AC5E77381EF01BF90095C473 /* Debug */,
				AC5E77391EF01BF90095C473 /* Release */,
			);
			defaultConfigurationIsVisible = 0;
			defaultConfigurationName = Release;
		};
		AC5E773A1EF01BF90095C473 /* Build configuration list for PBXNativeTarget "TakeandSaveUserDefaultsTests" */ = {
			isa = XCConfigurationList;
			buildConfigurations = (
				AC5E773B1EF01BF90095C473 /* Debug */,
				AC5E773C1EF01BF90095C473 /* Release */,
			);
			defaultConfigurationIsVisible = 0;
			defaultConfigurationName = Release;
		};
/* End XCConfigurationList section */
	};
	rootObject = AC5E77121EF01BF60095C473 /* Project object */;
}
